
Microsoft Visual Studio Solution File, Format Version 12.00
# Visual Studio Version 17
VisualStudioVersion = 17.0.32126.317
MinimumVisualStudioVersion = 10.0.40219.1
Project("{FAE04EC0-301F-11D3-BF4B-00C04F79EFBC}") = "WpfApp1", "WpfApp1\WpfApp1.csproj", "{2AC7C8D9-CC6A-4D84-89B3-697EEA3F9895}"
EndProject
Global
	GlobalSection(SolutionConfigurationPlatforms) = preSolution
		Debug|Any CPU = Debug|Any CPU
		Release|Any CPU = Release|Any CPU
	EndGlobalSection
	GlobalSection(ProjectConfigurationPlatforms) = postSolution
		{2AC7C8D9-CC6A-4D84-89B3-697EEA3F9895}.Debug|Any CPU.ActiveCfg = Debug|Any CPU
		{2AC7C8D9-CC6A-4D84-89B3-697EEA3F9895}.Debug|Any CPU.Build.0 = Debug|Any CPU
		{2AC7C8D9-CC6A-4D84-89B3-697EEA3F9895}.Release|Any CPU.ActiveCfg = Release|Any CPU
		{2AC7C8D9-CC6A-4D84-89B3-697EEA3F9895}.Release|Any CPU.Build.0 = Release|Any CPU
	EndGlobalSection
	GlobalSection(SolutionProperties) = preSolution
		HideSolutionNode = FALSE
	EndGlobalSection
	GlobalSection(ExtensibilityGlobals) = postSolution
		SolutionGuid = {3B44BE8F-D51C-4916-B8B4-97D5390874CF}
	EndGlobalSection
EndGlobal
